// !$*UTF8*$!
{
	archiveVersion = 1;
	classes = {
	};
	objectVersion = 46;
	objects = {

/* Begin PBXBuildFile section */
		5694C4481CB7C31000C384B1 /* Information-Icon.png in Resources */ = {isa = PBXBuildFile; fileRef = 5694C4471CB7C31000C384B1 /* Information-Icon.png */; };
		5694C44A1CB7C9A400C384B1 /* Refresh-Icon.png in Resources */ = {isa = PBXBuildFile; fileRef = 5694C4491CB7C9A400C384B1 /* Refresh-Icon.png */; };
		56B865FA1CB2595F003696B1 /* QuartzCore.framework in Frameworks */ = {isa = PBXBuildFile; fileRef = 56B865F91CB2595F003696B1 /* QuartzCore.framework */; };
		56CBE8DE1CB2234100F3CA19 /* main.m in Sources */ = {isa = PBXBuildFile; fileRef = 56CBE8DD1CB2234100F3CA19 /* main.m */; };
		56CBE8E11CB2234100F3CA19 /* AppDelegate.m in Sources */ = {isa = PBXBuildFile; fileRef = 56CBE8E01CB2234100F3CA19 /* AppDelegate.m */; };
		56CBE8E41CB2234100F3CA19 /* BeaconViewController.m in Sources */ = {isa = PBXBuildFile; fileRef = 56CBE8E31CB2234100F3CA19 /* BeaconViewController.m */; };
		56CBE8E71CB2234100F3CA19 /* Main.storyboard in Resources */ = {isa = PBXBuildFile; fileRef = 56CBE8E51CB2234100F3CA19 /* Main.storyboard */; };
		56CBE8E91CB2234100F3CA19 /* Assets.xcassets in Resources */ = {isa = PBXBuildFile; fileRef = 56CBE8E81CB2234100F3CA19 /* Assets.xcassets */; };
		56CBE8EC1CB2234100F3CA19 /* LaunchScreen.storyboard in Resources */ = {isa = PBXBuildFile; fileRef = 56CBE8EA1CB2234100F3CA19 /* LaunchScreen.storyboard */; };
		56CBE8F41CB2258200F3CA19 /* OfferViewController.m in Sources */ = {isa = PBXBuildFile; fileRef = 56CBE8F31CB2258200F3CA19 /* OfferViewController.m */; };
		56CBE8FD1CB2327D00F3CA19 /* MR-Offer.png in Resources */ = {isa = PBXBuildFile; fileRef = 56CBE8F71CB2327D00F3CA19 /* MR-Offer.png */; };
		56CBE8FE1CB2327D00F3CA19 /* MS-Offer.png in Resources */ = {isa = PBXBuildFile; fileRef = 56CBE8F81CB2327D00F3CA19 /* MS-Offer.png */; };
		56CBE8FF1CB2327D00F3CA19 /* MX-Offer.png in Resources */ = {isa = PBXBuildFile; fileRef = 56CBE8F91CB2327D00F3CA19 /* MX-Offer.png */; };
		56CBE9001CB2327D00F3CA19 /* Settings-Icon.png in Resources */ = {isa = PBXBuildFile; fileRef = 56CBE8FA1CB2327D00F3CA19 /* Settings-Icon.png */; };
		56CBE9011CB2327D00F3CA19 /* Shopping-With-Miles-Image.png in Resources */ = {isa = PBXBuildFile; fileRef = 56CBE8FB1CB2327D00F3CA19 /* Shopping-With-Miles-Image.png */; };
		56CBE9021CB2327D00F3CA19 /* SM-Offer.png in Resources */ = {isa = PBXBuildFile; fileRef = 56CBE8FC1CB2327D00F3CA19 /* SM-Offer.png */; };
		56CBE9041CB232A300F3CA19 /* Cisco-Meraki.png in Resources */ = {isa = PBXBuildFile; fileRef = 56CBE9031CB232A300F3CA19 /* Cisco-Meraki.png */; };
		56CBE9071CB2438300F3CA19 /* SettingsViewController.m in Sources */ = {isa = PBXBuildFile; fileRef = 56CBE9061CB2438300F3CA19 /* SettingsViewController.m */; };
		56CBE9091CB250FB00F3CA19 /* CoreLocation.framework in Frameworks */ = {isa = PBXBuildFile; fileRef = 56CBE9081CB250FB00F3CA19 /* CoreLocation.framework */; };
/* End PBXBuildFile section */

/* Begin PBXFileReference section */
		5694C4471CB7C31000C384B1 /* Information-Icon.png */ = {isa = PBXFileReference; lastKnownFileType = image.png; path = "Information-Icon.png"; sourceTree = "<group>"; };
		5694C4491CB7C9A400C384B1 /* Refresh-Icon.png */ = {isa = PBXFileReference; lastKnownFileType = image.png; path = "Refresh-Icon.png"; sourceTree = "<group>"; };
		56B865F91CB2595F003696B1 /* QuartzCore.framework */ = {isa = PBXFileReference; lastKnownFileType = wrapper.framework; name = QuartzCore.framework; path = System/Library/Frameworks/QuartzCore.framework; sourceTree = SDKROOT; };
		56CBE8D91CB2234100F3CA19 /* ShoppingWithMiles_ObjC.app */ = {isa = PBXFileReference; explicitFileType = wrapper.application; includeInIndex = 0; path = ShoppingWithMiles_ObjC.app; sourceTree = BUILT_PRODUCTS_DIR; };
		56CBE8DD1CB2234100F3CA19 /* main.m */ = {isa = PBXFileReference; lastKnownFileType = sourcecode.c.objc; path = main.m; sourceTree = "<group>"; };
		56CBE8DF1CB2234100F3CA19 /* AppDelegate.h */ = {isa = PBXFileReference; lastKnownFileType = sourcecode.c.h; path = AppDelegate.h; sourceTree = "<group>"; };
		56CBE8E01CB2234100F3CA19 /* AppDelegate.m */ = {isa = PBXFileReference; lastKnownFileType = sourcecode.c.objc; path = AppDelegate.m; sourceTree = "<group>"; };
		56CBE8E21CB2234100F3CA19 /* BeaconViewController.h */ = {isa = PBXFileReference; lastKnownFileType = sourcecode.c.h; path = BeaconViewController.h; sourceTree = "<group>"; };
		56CBE8E31CB2234100F3CA19 /* BeaconViewController.m */ = {isa = PBXFileReference; lastKnownFileType = sourcecode.c.objc; path = BeaconViewController.m; sourceTree = "<group>"; };
		56CBE8E61CB2234100F3CA19 /* Base */ = {isa = PBXFileReference; lastKnownFileType = file.storyboard; name = Base; path = Base.lproj/Main.storyboard; sourceTree = "<group>"; };
		56CBE8E81CB2234100F3CA19 /* Assets.xcassets */ = {isa = PBXFileReference; lastKnownFileType = folder.assetcatalog; path = Assets.xcassets; sourceTree = "<group>"; };
		56CBE8EB1CB2234100F3CA19 /* Base */ = {isa = PBXFileReference; lastKnownFileType = file.storyboard; name = Base; path = Base.lproj/LaunchScreen.storyboard; sourceTree = "<group>"; };
		56CBE8ED1CB2234100F3CA19 /* Info.plist */ = {isa = PBXFileReference; lastKnownFileType = text.plist.xml; path = Info.plist; sourceTree = "<group>"; };
		56CBE8F31CB2258200F3CA19 /* OfferViewController.m */ = {isa = PBXFileReference; fileEncoding = 4; lastKnownFileType = sourcecode.c.objc; name = OfferViewController.m; path = ShoppingWithMiles_ObjC/OfferViewController.m; sourceTree = "<group>"; };
		56CBE8F51CB2260300F3CA19 /* OfferViewController.h */ = {isa = PBXFileReference; fileEncoding = 4; lastKnownFileType = sourcecode.c.h; name = OfferViewController.h; path = ShoppingWithMiles_ObjC/OfferViewController.h; sourceTree = "<group>"; };
		56CBE8F71CB2327D00F3CA19 /* MR-Offer.png */ = {isa = PBXFileReference; lastKnownFileType = image.png; path = "MR-Offer.png"; sourceTree = "<group>"; };
		56CBE8F81CB2327D00F3CA19 /* MS-Offer.png */ = {isa = PBXFileReference; lastKnownFileType = image.png; path = "MS-Offer.png"; sourceTree = "<group>"; };
		56CBE8F91CB2327D00F3CA19 /* MX-Offer.png */ = {isa = PBXFileReference; lastKnownFileType = image.png; path = "MX-Offer.png"; sourceTree = "<group>"; };
		56CBE8FA1CB2327D00F3CA19 /* Settings-Icon.png */ = {isa = PBXFileReference; lastKnownFileType = image.png; path = "Settings-Icon.png"; sourceTree = "<group>"; };
		56CBE8FB1CB2327D00F3CA19 /* Shopping-With-Miles-Image.png */ = {isa = PBXFileReference; lastKnownFileType = image.png; path = "Shopping-With-Miles-Image.png"; sourceTree = "<group>"; };
		56CBE8FC1CB2327D00F3CA19 /* SM-Offer.png */ = {isa = PBXFileReference; lastKnownFileType = image.png; path = "SM-Offer.png"; sourceTree = "<group>"; };
		56CBE9031CB232A300F3CA19 /* Cisco-Meraki.png */ = {isa = PBXFileReference; lastKnownFileType = image.png; path = "Cisco-Meraki.png"; sourceTree = "<group>"; };
		56CBE9051CB2438300F3CA19 /* SettingsViewController.h */ = {isa = PBXFileReference; fileEncoding = 4; lastKnownFileType = sourcecode.c.h; path = SettingsViewController.h; sourceTree = "<group>"; };
		56CBE9061CB2438300F3CA19 /* SettingsViewController.m */ = {isa = PBXFileReference; fileEncoding = 4; lastKnownFileType = sourcecode.c.objc; path = SettingsViewController.m; sourceTree = "<group>"; };
		56CBE9081CB250FB00F3CA19 /* CoreLocation.framework */ = {isa = PBXFileReference; lastKnownFileType = wrapper.framework; name = CoreLocation.framework; path = System/Library/Frameworks/CoreLocation.framework; sourceTree = SDKROOT; };
/* End PBXFileReference section */

/* Begin PBXFrameworksBuildPhase section */
		56CBE8D61CB2234100F3CA19 /* Frameworks */ = {
			isa = PBXFrameworksBuildPhase;
			buildActionMask = 2147483647;
			files = (
				56B865FA1CB2595F003696B1 /* QuartzCore.framework in Frameworks */,
				56CBE9091CB250FB00F3CA19 /* CoreLocation.framework in Frameworks */,
			);
			runOnlyForDeploymentPostprocessing = 0;
		};
/* End PBXFrameworksBuildPhase section */

/* Begin PBXGroup section */
		56CBE8D01CB2234100F3CA19 = {
			isa = PBXGroup;
			children = (
				56B865F91CB2595F003696B1 /* QuartzCore.framework */,
				56CBE8F31CB2258200F3CA19 /* OfferViewController.m */,
				56CBE8F51CB2260300F3CA19 /* OfferViewController.h */,
				56CBE9081CB250FB00F3CA19 /* CoreLocation.framework */,
				56CBE8DB1CB2234100F3CA19 /* ShoppingWithMiles_ObjC */,
				56CBE8DA1CB2234100F3CA19 /* Products */,
			);
			sourceTree = "<group>";
		};
		56CBE8DA1CB2234100F3CA19 /* Products */ = {
			isa = PBXGroup;
			children = (
				56CBE8D91CB2234100F3CA19 /* ShoppingWithMiles_ObjC.app */,
			);
			name = Products;
			sourceTree = "<group>";
		};
		56CBE8DB1CB2234100F3CA19 /* ShoppingWithMiles_ObjC */ = {
			isa = PBXGroup;
			children = (
				56CBE8F61CB2323900F3CA19 /* Images */,
				56CBE8DF1CB2234100F3CA19 /* AppDelegate.h */,
				56CBE8E01CB2234100F3CA19 /* AppDelegate.m */,
				56CBE8E21CB2234100F3CA19 /* BeaconViewController.h */,
				56CBE8E31CB2234100F3CA19 /* BeaconViewController.m */,
				56CBE9051CB2438300F3CA19 /* SettingsViewController.h */,
				56CBE9061CB2438300F3CA19 /* SettingsViewController.m */,
				56CBE8E51CB2234100F3CA19 /* Main.storyboard */,
				56CBE8E81CB2234100F3CA19 /* Assets.xcassets */,
				56CBE8EA1CB2234100F3CA19 /* LaunchScreen.storyboard */,
				56CBE8ED1CB2234100F3CA19 /* Info.plist */,
				56CBE8DC1CB2234100F3CA19 /* Supporting Files */,
			);
			path = ShoppingWithMiles_ObjC;
			sourceTree = "<group>";
		};
		56CBE8DC1CB2234100F3CA19 /* Supporting Files */ = {
			isa = PBXGroup;
			children = (
				56CBE8DD1CB2234100F3CA19 /* main.m */,
			);
			name = "Supporting Files";
			sourceTree = "<group>";
		};
		56CBE8F61CB2323900F3CA19 /* Images */ = {
			isa = PBXGroup;
			children = (
				5694C4471CB7C31000C384B1 /* Information-Icon.png */,
				5694C4491CB7C9A400C384B1 /* Refresh-Icon.png */,
				56CBE9031CB232A300F3CA19 /* Cisco-Meraki.png */,
				56CBE8F71CB2327D00F3CA19 /* MR-Offer.png */,
				56CBE8F81CB2327D00F3CA19 /* MS-Offer.png */,
				56CBE8F91CB2327D00F3CA19 /* MX-Offer.png */,
				56CBE8FA1CB2327D00F3CA19 /* Settings-Icon.png */,
				56CBE8FB1CB2327D00F3CA19 /* Shopping-With-Miles-Image.png */,
				56CBE8FC1CB2327D00F3CA19 /* SM-Offer.png */,
			);
			name = Images;
			sourceTree = "<group>";
		};
/* End PBXGroup section */

/* Begin PBXNativeTarget section */
		56CBE8D81CB2234100F3CA19 /* ShoppingWithMiles_ObjC */ = {
			isa = PBXNativeTarget;
			buildConfigurationList = 56CBE8F01CB2234100F3CA19 /* Build configuration list for PBXNativeTarget "ShoppingWithMiles_ObjC" */;
			buildPhases = (
				56CBE8D51CB2234100F3CA19 /* Sources */,
				56CBE8D61CB2234100F3CA19 /* Frameworks */,
				56CBE8D71CB2234100F3CA19 /* Resources */,
			);
			buildRules = (
			);
			dependencies = (
			);
			name = ShoppingWithMiles_ObjC;
			productName = ShoppingWithMiles_ObjC;
			productReference = 56CBE8D91CB2234100F3CA19 /* ShoppingWithMiles_ObjC.app */;
			productType = "com.apple.product-type.application";
		};
/* End PBXNativeTarget section */

/* Begin PBXProject section */
		56CBE8D11CB2234100F3CA19 /* Project object */ = {
			isa = PBXProject;
			attributes = {
				LastUpgradeCheck = 0820;
				ORGANIZATIONNAME = "James McKee";
				TargetAttributes = {
					56CBE8D81CB2234100F3CA19 = {
						CreatedOnToolsVersion = 7.3;
						DevelopmentTeam = 4C6PGUE499;
					};
				};
			};
			buildConfigurationList = 56CBE8D41CB2234100F3CA19 /* Build configuration list for PBXProject "ShoppingWithMiles_ObjC" */;
			compatibilityVersion = "Xcode 3.2";
			developmentRegion = English;
			hasScannedForEncodings = 0;
			knownRegions = (
				en,
				Base,
			);
			mainGroup = 56CBE8D01CB2234100F3CA19;
			productRefGroup = 56CBE8DA1CB2234100F3CA19 /* Products */;
			projectDirPath = "";
			projectRoot = "";
			targets = (
				56CBE8D81CB2234100F3CA19 /* ShoppingWithMiles_ObjC */,
			);
		};
/* End PBXProject section */

/* Begin PBXResourcesBuildPhase section */
		56CBE8D71CB2234100F3CA19 /* Resources */ = {
			isa = PBXResourcesBuildPhase;
			buildActionMask = 2147483647;
			files = (
				56CBE9011CB2327D00F3CA19 /* Shopping-With-Miles-Image.png in Resources */,
				56CBE8EC1CB2234100F3CA19 /* LaunchScreen.storyboard in Resources */,
				5694C4481CB7C31000C384B1 /* Information-Icon.png in Resources */,
				56CBE9021CB2327D00F3CA19 /* SM-Offer.png in Resources */,
				5694C44A1CB7C9A400C384B1 /* Refresh-Icon.png in Resources */,
				56CBE8FF1CB2327D00F3CA19 /* MX-Offer.png in Resources */,
				56CBE9041CB232A300F3CA19 /* Cisco-Meraki.png in Resources */,
				56CBE8E91CB2234100F3CA19 /* Assets.xcassets in Resources */,
				56CBE8FE1CB2327D00F3CA19 /* MS-Offer.png in Resources */,
				56CBE9001CB2327D00F3CA19 /* Settings-Icon.png in Resources */,
				56CBE8E71CB2234100F3CA19 /* Main.storyboard in Resources */,
				56CBE8FD1CB2327D00F3CA19 /* MR-Offer.png in Resources */,
			);
			runOnlyForDeploymentPostprocessing = 0;
		};
/* End PBXResourcesBuildPhase section */

/* Begin PBXSourcesBuildPhase section */
		56CBE8D51CB2234100F3CA19 /* Sources */ = {
			isa = PBXSourcesBuildPhase;
			buildActionMask = 2147483647;
			files = (
				56CBE8E41CB2234100F3CA19 /* BeaconViewController.m in Sources */,
				56CBE8F41CB2258200F3CA19 /* OfferViewController.m in Sources */,
				56CBE9071CB2438300F3CA19 /* SettingsViewController.m in Sources */,
				56CBE8E11CB2234100F3CA19 /* AppDelegate.m in Sources */,
				56CBE8DE1CB2234100F3CA19 /* main.m in Sources */,
			);
			runOnlyForDeploymentPostprocessing = 0;
		};
/* End PBXSourcesBuildPhase section */

/* Begin PBXVariantGroup section */
		56CBE8E51CB2234100F3CA19 /* Main.storyboard */ = {
			isa = PBXVariantGroup;
			children = (
				56CBE8E61CB2234100F3CA19 /* Base */,
			);
			name = Main.storyboard;
			sourceTree = "<group>";
		};
		56CBE8EA1CB2234100F3CA19 /* LaunchScreen.storyboard */ = {
			isa = PBXVariantGroup;
			children = (
				56CBE8EB1CB2234100F3CA19 /* Base */,
			);
			name = LaunchScreen.storyboard;
			sourceTree = "<group>";
		};
/* End PBXVariantGroup section */

/* Begin XCBuildConfiguration section */
		56CBE8EE1CB2234100F3CA19 /* Debug */ = {
			isa = XCBuildConfiguration;
			buildSettings = {
				ALWAYS_SEARCH_USER_PATHS = NO;
				CLANG_ANALYZER_NONNULL = YES;
				CLANG_CXX_LANGUAGE_STANDARD = "gnu++0x";
				CLANG_CXX_LIBRARY = "libc++";
				CLANG_ENABLE_MODULES = YES;
				CLANG_ENABLE_OBJC_ARC = YES;
				CLANG_WARN_BOOL_CONVERSION = YES;
				CLANG_WARN_CONSTANT_CONVERSION = YES;
				CLANG_WARN_DIRECT_OBJC_ISA_USAGE = YES_ERROR;
				CLANG_WARN_EMPTY_BODY = YES;
				CLANG_WARN_ENUM_CONVERSION = YES;
				CLANG_WARN_INFINITE_RECURSION = YES;
				CLANG_WARN_INT_CONVERSION = YES;
				CLANG_WARN_OBJC_ROOT_CLASS = YES_ERROR;
				CLANG_WARN_SUSPICIOUS_MOVE = YES;
				CLANG_WARN_UNREACHABLE_CODE = YES;
				CLANG_WARN__DUPLICATE_METHOD_MATCH = YES;
				"CODE_SIGN_IDENTITY[sdk=iphoneos*]" = "iPhone Developer";
				COPY_PHASE_STRIP = NO;
				DEBUG_INFORMATION_FORMAT = dwarf;
				ENABLE_STRICT_OBJC_MSGSEND = YES;
				ENABLE_TESTABILITY = YES;
				GCC_C_LANGUAGE_STANDARD = gnu99;
				GCC_DYNAMIC_NO_PIC = NO;
				GCC_NO_COMMON_BLOCKS = YES;
				GCC_OPTIMIZATION_LEVEL = 0;
				GCC_PREPROCESSOR_DEFINITIONS = (
					"DEBUG=1",
					"$(inherited)",
				);
				GCC_WARN_64_TO_32_BIT_CONVERSION = YES;
				GCC_WARN_ABOUT_RETURN_TYPE = YES_ERROR;
				GCC_WARN_UNDECLARED_SELECTOR = YES;
				GCC_WARN_UNINITIALIZED_AUTOS = YES_AGGRESSIVE;
				GCC_WARN_UNUSED_FUNCTION = YES;
				GCC_WARN_UNUSED_VARIABLE = YES;
				IPHONEOS_DEPLOYMENT_TARGET = 10.2;
				MTL_ENABLE_DEBUG_INFO = YES;
				ONLY_ACTIVE_ARCH = YES;
				SDKROOT = iphoneos;
				TARGETED_DEVICE_FAMILY = "1,2";
			};
			name = Debug;
		};
		56CBE8EF1CB2234100F3CA19 /* Release */ = {
			isa = XCBuildConfiguration;
			buildSettings = {
				ALWAYS_SEARCH_USER_PATHS = NO;
				CLANG_ANALYZER_NONNULL = YES;
				CLANG_CXX_LANGUAGE_STANDARD = "gnu++0x";
				CLANG_CXX_LIBRARY = "libc++";
				CLANG_ENABLE_MODULES = YES;
				CLANG_ENABLE_OBJC_ARC = YES;
				CLANG_WARN_BOOL_CONVERSION = YES;
				CLANG_WARN_CONSTANT_CONVERSION = YES;
				CLANG_WARN_DIRECT_OBJC_ISA_USAGE = YES_ERROR;
				CLANG_WARN_EMPTY_BODY = YES;
				CLANG_WARN_ENUM_CONVERSION = YES;
				CLANG_WARN_INFINITE_RECURSION = YES;
				CLANG_WARN_INT_CONVERSION = YES;
				CLANG_WARN_OBJC_ROOT_CLASS = YES_ERROR;
				CLANG_WARN_SUSPICIOUS_MOVE = YES;
				CLANG_WARN_UNREACHABLE_CODE = YES;
				CLANG_WARN__DUPLICATE_METHOD_MATCH = YES;
				"CODE_SIGN_IDENTITY[sdk=iphoneos*]" = "iPhone Developer";
				COPY_PHASE_STRIP = NO;
				DEBUG_INFORMATION_FORMAT = "dwarf-with-dsym";
				ENABLE_NS_ASSERTIONS = NO;
				ENABLE_STRICT_OBJC_MSGSEND = YES;
				GCC_C_LANGUAGE_STANDARD = gnu99;
				GCC_NO_COMMON_BLOCKS = YES;
				GCC_WARN_64_TO_32_BIT_CONVERSION = YES;
				GCC_WARN_ABOUT_RETURN_TYPE = YES_ERROR;
				GCC_WARN_UNDECLARED_SELECTOR = YES;
				GCC_WARN_UNINITIALIZED_AUTOS = YES_AGGRESSIVE;
				GCC_WARN_UNUSED_FUNCTION = YES;
				GCC_WARN_UNUSED_VARIABLE = YES;
				IPHONEOS_DEPLOYMENT_TARGET = 10.2;
				MTL_ENABLE_DEBUG_INFO = NO;
				SDKROOT = iphoneos;
				TARGETED_DEVICE_FAMILY = "1,2";
				VALIDATE_PRODUCT = YES;
			};
			name = Release;
		};
		56CBE8F11CB2234100F3CA19 /* Debug */ = {
			isa = XCBuildConfiguration;
			buildSettings = {
				ASSETCATALOG_COMPILER_APPICON_NAME = AppIcon;
				CODE_SIGN_IDENTITY = "iPhone Developer";
				INFOPLIST_FILE = ShoppingWithMiles_ObjC/Info.plist;
				IPHONEOS_DEPLOYMENT_TARGET = 10.2;
				LD_RUNPATH_SEARCH_PATHS = "$(inherited) @executable_path/Frameworks";
				PRODUCT_BUNDLE_IDENTIFIER = "com.jcmconsulting.ShoppingWithMiles-ObjC";
				PRODUCT_NAME = "$(TARGET_NAME)";
			};
			name = Debug;
		};
		56CBE8F21CB2234100F3CA19 /* Release */ = {
			isa = XCBuildConfiguration;
			buildSettings = {
				ASSETCATALOG_COMPILER_APPICON_NAME = AppIcon;
				CODE_SIGN_IDENTITY = "iPhone Developer";
				INFOPLIST_FILE = ShoppingWithMiles_ObjC/Info.plist;
				IPHONEOS_DEPLOYMENT_TARGET = 10.2;
				LD_RUNPATH_SEARCH_PATHS = "$(inherited) @executable_path/Frameworks";
				PRODUCT_BUNDLE_IDENTIFIER = "com.jcmconsulting.ShoppingWithMiles-ObjC";
				PRODUCT_NAME = "$(TARGET_NAME)";
			};
			name = Release;
		};
/* End XCBuildConfiguration section */

/* Begin XCConfigurationList section */
		56CBE8D41CB2234100F3CA19 /* Build configuration list for PBXProject "ShoppingWithMiles_ObjC" */ = {
			isa = XCConfigurationList;
			buildConfigurations = (
				56CBE8EE1CB2234100F3CA19 /* Debug */,
				56CBE8EF1CB2234100F3CA19 /* Release */,
			);
			defaultConfigurationIsVisible = 0;
			defaultConfigurationName = Release;
		};
		56CBE8F01CB2234100F3CA19 /* Build configuration list for PBXNativeTarget "ShoppingWithMiles_ObjC" */ = {
			isa = XCConfigurationList;
			buildConfigurations = (
				56CBE8F11CB2234100F3CA19 /* Debug */,
				56CBE8F21CB2234100F3CA19 /* Release */,
			);
			defaultConfigurationIsVisible = 0;
			defaultConfigurationName = Release;
		};
/* End XCConfigurationList section */
	};
	rootObject = 56CBE8D11CB2234100F3CA19 /* Project object */;
}
